PODS:
  - camerax (0.0.1):
    - Flutter
  - Flutter (1.0.0)

DEPENDENCIES:
  - camerax (from `.symlinks/plugins/camerax/ios`)
  - Flutter (from `Flutter`)

EXTERNAL SOURCES:
  camerax:
    :path: ".symlinks/plugins/camerax/ios"
  Flutter:
    :path: Flutter

SPEC CHECKSUMS:
  camerax: a7dc661c737d51e615053751fcb4e463bb1b885b
  Flutter: 0e3d915762c693b495b44d77113d4970485de6ec

PODFILE CHECKSUM: aafe91acc616949ddb318b77800a7f51bffa2a4c

COCOAPODS: 1.10.1
