PODS:
  - camerax_ios (0.0.1):
    - Flutter
  - Flutter (1.0.0)
  - integration_test (0.0.1):
    - Flutter
  - permission_handler_apple (9.4.8):
    - Flutter
  - video_player_avfoundation (0.0.1):
    - Flutter
    - FlutterMacOS

DEPENDENCIES:
  - camerax_ios (from `.symlinks/plugins/camerax_ios/ios`)
  - Flutter (from `Flutter`)
  - integration_test (from `.symlinks/plugins/integration_test/ios`)
  - permission_handler_apple (from `.symlinks/plugins/permission_handler_apple/ios`)
  - video_player_avfoundation (from `.symlinks/plugins/video_player_avfoundation/darwin`)

EXTERNAL SOURCES:
  camerax_ios:
    :path: ".symlinks/plugins/camerax_ios/ios"
  Flutter:
    :path: Flutter
  integration_test:
    :path: ".symlinks/plugins/integration_test/ios"
  permission_handler_apple:
    :path: ".symlinks/plugins/permission_handler_apple/ios"
  video_player_avfoundation:
    :path: ".symlinks/plugins/video_player_avfoundation/darwin"

SPEC CHECKSUMS:
  camerax_ios: 6b82939665438c9bfe0e842b1b37a639a75b1fa4
  Flutter: cabc95a1d2626b1b06e7179b784ebcf0c0cde467
  integration_test: 252f60fa39af5e17c3aa9899d35d908a0721b573
  permission_handler_apple: ee2fe0fd04551b304eb002714ff067c371c822ed
  video_player_avfoundation: e54d03b3b19f64f2c557354f72ce538387541ba6

PODFILE CHECKSUM: dbf19ce560e57ae4f0bf37a61f507c8527d9100a

COCOAPODS: 1.16.2
