PODS:
  - camerax_ios (0.0.1):
    - Flutter
  - Flutter (1.0.0)
  - permission_handler_apple (9.3.0):
    - Flutter

DEPENDENCIES:
  - camerax_ios (from `.symlinks/plugins/camerax_ios/ios`)
  - Flutter (from `Flutter`)
  - permission_handler_apple (from `.symlinks/plugins/permission_handler_apple/ios`)

EXTERNAL SOURCES:
  camerax_ios:
    :path: ".symlinks/plugins/camerax_ios/ios"
  Flutter:
    :path: Flutter
  permission_handler_apple:
    :path: ".symlinks/plugins/permission_handler_apple/ios"

SPEC CHECKSUMS:
  camerax_ios: 9213e2809365aa5f11ae8363c86e8e04c8f5c472
  Flutter: e0871f40cf51350855a761d2e70bf5af5b9b5de7
  permission_handler_apple: 9878588469a2b0d0fc1e048d9f43605f92e6cec2

PODFILE CHECKSUM: 4305caec6b40dde0ae97be1573c53de1882a07e5

COCOAPODS: 1.16.2
